
Microsoft Visual Studio Solution File, Format Version 12.00
# Visual Studio 15
VisualStudioVersion = 15.0.27703.2042
MinimumVisualStudioVersion = 10.0.40219.1
Project("{9A19103F-16F7-4668-BE54-9A1E7A4F7556}") = "CoreChat", "CoreChat\CoreChat.csproj", "{2A1B4725-0E3E-47A3-9B07-B1DA5D6470BC}"
EndProject
Global
	GlobalSection(SolutionConfigurationPlatforms) = preSolution
		Debug|Any CPU = Debug|Any CPU
		Release|Any CPU = Release|Any CPU
	EndGlobalSection
	GlobalSection(ProjectConfigurationPlatforms) = postSolution
		{2A1B4725-0E3E-47A3-9B07-B1DA5D6470BC}.Debug|Any CPU.ActiveCfg = Debug|Any CPU
		{2A1B4725-0E3E-47A3-9B07-B1DA5D6470BC}.Debug|Any CPU.Build.0 = Debug|Any CPU
		{2A1B4725-0E3E-47A3-9B07-B1DA5D6470BC}.Release|Any CPU.ActiveCfg = Release|Any CPU
		{2A1B4725-0E3E-47A3-9B07-B1DA5D6470BC}.Release|Any CPU.Build.0 = Release|Any CPU
	EndGlobalSection
	GlobalSection(SolutionProperties) = preSolution
		HideSolutionNode = FALSE
	EndGlobalSection
	GlobalSection(ExtensibilityGlobals) = postSolution
		SolutionGuid = {775EE7EB-CE14-4B40-BE72-D8B659553035}
	EndGlobalSection
EndGlobal
